
Microsoft Visual Studio Solution File, Format Version 12.00
# Visual Studio Version 17
VisualStudioVersion = 17.14.36518.9 d17.14
MinimumVisualStudioVersion = 10.0.40219.1
Project("{FAE04EC0-301F-11D3-BF4B-00C04F79EFBC}") = "projektRPG", "projektRPG.csproj", "{16A5947F-D56B-4DF0-8AF0-A8F9395E543D}"
EndProject
Global
	GlobalSection(SolutionConfigurationPlatforms) = preSolution
		Debug|Any CPU = Debug|Any CPU
		Release|Any CPU = Release|Any CPU
	EndGlobalSection
	GlobalSection(ProjectConfigurationPlatforms) = postSolution
		{16A5947F-D56B-4DF0-8AF0-A8F9395E543D}.Debug|Any CPU.ActiveCfg = Debug|Any CPU
		{16A5947F-D56B-4DF0-8AF0-A8F9395E543D}.Debug|Any CPU.Build.0 = Debug|Any CPU
		{16A5947F-D56B-4DF0-8AF0-A8F9395E543D}.Release|Any CPU.ActiveCfg = Release|Any CPU
		{16A5947F-D56B-4DF0-8AF0-A8F9395E543D}.Release|Any CPU.Build.0 = Release|Any CPU
	EndGlobalSection
	GlobalSection(SolutionProperties) = preSolution
		HideSolutionNode = FALSE
	EndGlobalSection
	GlobalSection(ExtensibilityGlobals) = postSolution
		SolutionGuid = {3EE704BD-7A20-4567-B608-AFE0D5B81694}
	EndGlobalSection
EndGlobal
